// !$*UTF8*$!
{
	archiveVersion = 1;
	classes = {
	};
	objectVersion = 50;
	objects = {

/* Begin PBXBuildFile section */
		750D441926F214BB002B91FA /* MyVC.swift in Sources */ = {isa = PBXBuildFile; fileRef = 750D441826F214BB002B91FA /* MyVC.swift */; };
		7516156626DE5E0100357F43 /* AppDelegate.swift in Sources */ = {isa = PBXBuildFile; fileRef = 7516156526DE5E0100357F43 /* AppDelegate.swift */; };
		7516156826DE5E0100357F43 /* SceneDelegate.swift in Sources */ = {isa = PBXBuildFile; fileRef = 7516156726DE5E0100357F43 /* SceneDelegate.swift */; };
		7516156A26DE5E0100357F43 /* HomeVC.swift in Sources */ = {isa = PBXBuildFile; fileRef = 7516156926DE5E0100357F43 /* HomeVC.swift */; };
		7516156D26DE5E0100357F43 /* Main.storyboard in Resources */ = {isa = PBXBuildFile; fileRef = 7516156B26DE5E0100357F43 /* Main.storyboard */; };
		7516156F26DE5E0400357F43 /* Assets.xcassets in Resources */ = {isa = PBXBuildFile; fileRef = 7516156E26DE5E0400357F43 /* Assets.xcassets */; };
		7516157226DE5E0400357F43 /* LaunchScreen.storyboard in Resources */ = {isa = PBXBuildFile; fileRef = 7516157026DE5E0400357F43 /* LaunchScreen.storyboard */; };
		7516157D26DE5E0400357F43 /* SwiftTestTests.swift in Sources */ = {isa = PBXBuildFile; fileRef = 7516157C26DE5E0400357F43 /* SwiftTestTests.swift */; };
		7516158826DE5E0400357F43 /* SwiftTestUITests.swift in Sources */ = {isa = PBXBuildFile; fileRef = 7516158726DE5E0400357F43 /* SwiftTestUITests.swift */; };
/* End PBXBuildFile section */

/* Begin PBXContainerItemProxy section */
		7516157926DE5E0400357F43 /* PBXContainerItemProxy */ = {
			isa = PBXContainerItemProxy;
			containerPortal = 7516155A26DE5E0100357F43 /* Project object */;
			proxyType = 1;
			remoteGlobalIDString = 7516156126DE5E0100357F43;
			remoteInfo = SwiftTest;
		};
		7516158426DE5E0400357F43 /* PBXContainerItemProxy */ = {
			isa = PBXContainerItemProxy;
			containerPortal = 7516155A26DE5E0100357F43 /* Project object */;
			proxyType = 1;
			remoteGlobalIDString = 7516156126DE5E0100357F43;
			remoteInfo = SwiftTest;
		};
/* End PBXContainerItemProxy section */

/* Begin PBXFileReference section */
		750D441826F214BB002B91FA /* MyVC.swift */ = {isa = PBXFileReference; lastKnownFileType = sourcecode.swift; path = MyVC.swift; sourceTree = "<group>"; };
		7516156226DE5E0100357F43 /* SwiftTest.app */ = {isa = PBXFileReference; explicitFileType = wrapper.application; includeInIndex = 0; path = SwiftTest.app; sourceTree = BUILT_PRODUCTS_DIR; };
		7516156526DE5E0100357F43 /* AppDelegate.swift */ = {isa = PBXFileReference; lastKnownFileType = sourcecode.swift; path = AppDelegate.swift; sourceTree = "<group>"; };
		7516156726DE5E0100357F43 /* SceneDelegate.swift */ = {isa = PBXFileReference; lastKnownFileType = sourcecode.swift; path = SceneDelegate.swift; sourceTree = "<group>"; };
		7516156926DE5E0100357F43 /* HomeVC.swift */ = {isa = PBXFileReference; lastKnownFileType = sourcecode.swift; path = HomeVC.swift; sourceTree = "<group>"; };
		7516156C26DE5E0100357F43 /* Base */ = {isa = PBXFileReference; lastKnownFileType = file.storyboard; name = Base; path = Base.lproj/Main.storyboard; sourceTree = "<group>"; };
		7516156E26DE5E0400357F43 /* Assets.xcassets */ = {isa = PBXFileReference; lastKnownFileType = folder.assetcatalog; path = Assets.xcassets; sourceTree = "<group>"; };
		7516157126DE5E0400357F43 /* Base */ = {isa = PBXFileReference; lastKnownFileType = file.storyboard; name = Base; path = Base.lproj/LaunchScreen.storyboard; sourceTree = "<group>"; };
		7516157326DE5E0400357F43 /* Info.plist */ = {isa = PBXFileReference; lastKnownFileType = text.plist.xml; path = Info.plist; sourceTree = "<group>"; };
		7516157826DE5E0400357F43 /* SwiftTestTests.xctest */ = {isa = PBXFileReference; explicitFileType = wrapper.cfbundle; includeInIndex = 0; path = SwiftTestTests.xctest; sourceTree = BUILT_PRODUCTS_DIR; };
		7516157C26DE5E0400357F43 /* SwiftTestTests.swift */ = {isa = PBXFileReference; lastKnownFileType = sourcecode.swift; path = SwiftTestTests.swift; sourceTree = "<group>"; };
		7516157E26DE5E0400357F43 /* Info.plist */ = {isa = PBXFileReference; lastKnownFileType = text.plist.xml; path = Info.plist; sourceTree = "<group>"; };
		7516158326DE5E0400357F43 /* SwiftTestUITests.xctest */ = {isa = PBXFileReference; explicitFileType = wrapper.cfbundle; includeInIndex = 0; path = SwiftTestUITests.xctest; sourceTree = BUILT_PRODUCTS_DIR; };
		7516158726DE5E0400357F43 /* SwiftTestUITests.swift */ = {isa = PBXFileReference; lastKnownFileType = sourcecode.swift; path = SwiftTestUITests.swift; sourceTree = "<group>"; };
		7516158926DE5E0400357F43 /* Info.plist */ = {isa = PBXFileReference; lastKnownFileType = text.plist.xml; path = Info.plist; sourceTree = "<group>"; };
/* End PBXFileReference section */

/* Begin PBXFrameworksBuildPhase section */
		7516155F26DE5E0100357F43 /* Frameworks */ = {
			isa = PBXFrameworksBuildPhase;
			buildActionMask = 2147483647;
			files = (
			);
			runOnlyForDeploymentPostprocessing = 0;
		};
		7516157526DE5E0400357F43 /* Frameworks */ = {
			isa = PBXFrameworksBuildPhase;
			buildActionMask = 2147483647;
			files = (
			);
			runOnlyForDeploymentPostprocessing = 0;
		};
		7516158026DE5E0400357F43 /* Frameworks */ = {
			isa = PBXFrameworksBuildPhase;
			buildActionMask = 2147483647;
			files = (
			);
			runOnlyForDeploymentPostprocessing = 0;
		};
/* End PBXFrameworksBuildPhase section */

/* Begin PBXGroup section */
		7516155926DE5E0100357F43 = {
			isa = PBXGroup;
			children = (
				7516156426DE5E0100357F43 /* SwiftTest */,
				7516157B26DE5E0400357F43 /* SwiftTestTests */,
				7516158626DE5E0400357F43 /* SwiftTestUITests */,
				7516156326DE5E0100357F43 /* Products */,
			);
			sourceTree = "<group>";
		};
		7516156326DE5E0100357F43 /* Products */ = {
			isa = PBXGroup;
			children = (
				7516156226DE5E0100357F43 /* SwiftTest.app */,
				7516157826DE5E0400357F43 /* SwiftTestTests.xctest */,
				7516158326DE5E0400357F43 /* SwiftTestUITests.xctest */,
			);
			name = Products;
			sourceTree = "<group>";
		};
		7516156426DE5E0100357F43 /* SwiftTest */ = {
			isa = PBXGroup;
			children = (
				7516156526DE5E0100357F43 /* AppDelegate.swift */,
				7516156726DE5E0100357F43 /* SceneDelegate.swift */,
				7516156926DE5E0100357F43 /* HomeVC.swift */,
				750D441826F214BB002B91FA /* MyVC.swift */,
				7516156B26DE5E0100357F43 /* Main.storyboard */,
				7516156E26DE5E0400357F43 /* Assets.xcassets */,
				7516157026DE5E0400357F43 /* LaunchScreen.storyboard */,
				7516157326DE5E0400357F43 /* Info.plist */,
			);
			path = SwiftTest;
			sourceTree = "<group>";
		};
		7516157B26DE5E0400357F43 /* SwiftTestTests */ = {
			isa = PBXGroup;
			children = (
				7516157C26DE5E0400357F43 /* SwiftTestTests.swift */,
				7516157E26DE5E0400357F43 /* Info.plist */,
			);
			path = SwiftTestTests;
			sourceTree = "<group>";
		};
		7516158626DE5E0400357F43 /* SwiftTestUITests */ = {
			isa = PBXGroup;
			children = (
				7516158726DE5E0400357F43 /* SwiftTestUITests.swift */,
				7516158926DE5E0400357F43 /* Info.plist */,
			);
			path = SwiftTestUITests;
			sourceTree = "<group>";
		};
/* End PBXGroup section */

/* Begin PBXNativeTarget section */
		7516156126DE5E0100357F43 /* SwiftTest */ = {
			isa = PBXNativeTarget;
			buildConfigurationList = 7516158C26DE5E0400357F43 /* Build configuration list for PBXNativeTarget "SwiftTest" */;
			buildPhases = (
				7516155E26DE5E0100357F43 /* Sources */,
				7516155F26DE5E0100357F43 /* Frameworks */,
				7516156026DE5E0100357F43 /* Resources */,
			);
			buildRules = (
			);
			dependencies = (
			);
			name = SwiftTest;
			productName = SwiftTest;
			productReference = 7516156226DE5E0100357F43 /* SwiftTest.app */;
			productType = "com.apple.product-type.application";
		};
		7516157726DE5E0400357F43 /* SwiftTestTests */ = {
			isa = PBXNativeTarget;
			buildConfigurationList = 7516158F26DE5E0400357F43 /* Build configuration list for PBXNativeTarget "SwiftTestTests" */;
			buildPhases = (
				7516157426DE5E0400357F43 /* Sources */,
				7516157526DE5E0400357F43 /* Frameworks */,
				7516157626DE5E0400357F43 /* Resources */,
			);
			buildRules = (
			);
			dependencies = (
				7516157A26DE5E0400357F43 /* PBXTargetDependency */,
			);
			name = SwiftTestTests;
			productName = SwiftTestTests;
			productReference = 7516157826DE5E0400357F43 /* SwiftTestTests.xctest */;
			productType = "com.apple.product-type.bundle.unit-test";
		};
		7516158226DE5E0400357F43 /* SwiftTestUITests */ = {
			isa = PBXNativeTarget;
			buildConfigurationList = 7516159226DE5E0400357F43 /* Build configuration list for PBXNativeTarget "SwiftTestUITests" */;
			buildPhases = (
				7516157F26DE5E0400357F43 /* Sources */,
				7516158026DE5E0400357F43 /* Frameworks */,
				7516158126DE5E0400357F43 /* Resources */,
			);
			buildRules = (
			);
			dependencies = (
				7516158526DE5E0400357F43 /* PBXTargetDependency */,
			);
			name = SwiftTestUITests;
			productName = SwiftTestUITests;
			productReference = 7516158326DE5E0400357F43 /* SwiftTestUITests.xctest */;
			productType = "com.apple.product-type.bundle.ui-testing";
		};
/* End PBXNativeTarget section */

/* Begin PBXProject section */
		7516155A26DE5E0100357F43 /* Project object */ = {
			isa = PBXProject;
			attributes = {
				LastSwiftUpdateCheck = 1250;
				LastUpgradeCheck = 1250;
				TargetAttributes = {
					7516156126DE5E0100357F43 = {
						CreatedOnToolsVersion = 12.5.1;
					};
					7516157726DE5E0400357F43 = {
						CreatedOnToolsVersion = 12.5.1;
						TestTargetID = 7516156126DE5E0100357F43;
					};
					7516158226DE5E0400357F43 = {
						CreatedOnToolsVersion = 12.5.1;
						TestTargetID = 7516156126DE5E0100357F43;
					};
				};
			};
			buildConfigurationList = 7516155D26DE5E0100357F43 /* Build configuration list for PBXProject "SwiftTest" */;
			compatibilityVersion = "Xcode 9.3";
			developmentRegion = en;
			hasScannedForEncodings = 0;
			knownRegions = (
				en,
				Base,
			);
			mainGroup = 7516155926DE5E0100357F43;
			productRefGroup = 7516156326DE5E0100357F43 /* Products */;
			projectDirPath = "";
			projectRoot = "";
			targets = (
				7516156126DE5E0100357F43 /* SwiftTest */,
				7516157726DE5E0400357F43 /* SwiftTestTests */,
				7516158226DE5E0400357F43 /* SwiftTestUITests */,
			);
		};
/* End PBXProject section */

/* Begin PBXResourcesBuildPhase section */
		7516156026DE5E0100357F43 /* Resources */ = {
			isa = PBXResourcesBuildPhase;
			buildActionMask = 2147483647;
			files = (
				7516157226DE5E0400357F43 /* LaunchScreen.storyboard in Resources */,
				7516156F26DE5E0400357F43 /* Assets.xcassets in Resources */,
				7516156D26DE5E0100357F43 /* Main.storyboard in Resources */,
			);
			runOnlyForDeploymentPostprocessing = 0;
		};
		7516157626DE5E0400357F43 /* Resources */ = {
			isa = PBXResourcesBuildPhase;
			buildActionMask = 2147483647;
			files = (
			);
			runOnlyForDeploymentPostprocessing = 0;
		};
		7516158126DE5E0400357F43 /* Resources */ = {
			isa = PBXResourcesBuildPhase;
			buildActionMask = 2147483647;
			files = (
			);
			runOnlyForDeploymentPostprocessing = 0;
		};
/* End PBXResourcesBuildPhase section */

/* Begin PBXSourcesBuildPhase section */
		7516155E26DE5E0100357F43 /* Sources */ = {
			isa = PBXSourcesBuildPhase;
			buildActionMask = 2147483647;
			files = (
				7516156A26DE5E0100357F43 /* HomeVC.swift in Sources */,
				750D441926F214BB002B91FA /* MyVC.swift in Sources */,
				7516156626DE5E0100357F43 /* AppDelegate.swift in Sources */,
				7516156826DE5E0100357F43 /* SceneDelegate.swift in Sources */,
			);
			runOnlyForDeploymentPostprocessing = 0;
		};
		7516157426DE5E0400357F43 /* Sources */ = {
			isa = PBXSourcesBuildPhase;
			buildActionMask = 2147483647;
			files = (
				7516157D26DE5E0400357F43 /* SwiftTestTests.swift in Sources */,
			);
			runOnlyForDeploymentPostprocessing = 0;
		};
		7516157F26DE5E0400357F43 /* Sources */ = {
			isa = PBXSourcesBuildPhase;
			buildActionMask = 2147483647;
			files = (
				7516158826DE5E0400357F43 /* SwiftTestUITests.swift in Sources */,
			);
			runOnlyForDeploymentPostprocessing = 0;
		};
/* End PBXSourcesBuildPhase section */

/* Begin PBXTargetDependency section */
		7516157A26DE5E0400357F43 /* PBXTargetDependency */ = {
			isa = PBXTargetDependency;
			target = 7516156126DE5E0100357F43 /* SwiftTest */;
			targetProxy = 7516157926DE5E0400357F43 /* PBXContainerItemProxy */;
		};
		7516158526DE5E0400357F43 /* PBXTargetDependency */ = {
			isa = PBXTargetDependency;
			target = 7516156126DE5E0100357F43 /* SwiftTest */;
			targetProxy = 7516158426DE5E0400357F43 /* PBXContainerItemProxy */;
		};
/* End PBXTargetDependency section */

/* Begin PBXVariantGroup section */
		7516156B26DE5E0100357F43 /* Main.storyboard */ = {
			isa = PBXVariantGroup;
			children = (
				7516156C26DE5E0100357F43 /* Base */,
			);
			name = Main.storyboard;
			sourceTree = "<group>";
		};
		7516157026DE5E0400357F43 /* LaunchScreen.storyboard */ = {
			isa = PBXVariantGroup;
			children = (
				7516157126DE5E0400357F43 /* Base */,
			);
			name = LaunchScreen.storyboard;
			sourceTree = "<group>";
		};
/* End PBXVariantGroup section */

/* Begin XCBuildConfiguration section */
		7516158A26DE5E0400357F43 /* Debug */ = {
			isa = XCBuildConfiguration;
			buildSettings = {
				ALWAYS_SEARCH_USER_PATHS = NO;
				CLANG_ANALYZER_NONNULL = YES;
				CLANG_ANALYZER_NUMBER_OBJECT_CONVERSION = YES_AGGRESSIVE;
				CLANG_CXX_LANGUAGE_STANDARD = "gnu++14";
				CLANG_CXX_LIBRARY = "libc++";
				CLANG_ENABLE_MODULES = YES;
				CLANG_ENABLE_OBJC_ARC = YES;
				CLANG_ENABLE_OBJC_WEAK = YES;
				CLANG_WARN_BLOCK_CAPTURE_AUTORELEASING = YES;
				CLANG_WARN_BOOL_CONVERSION = YES;
				CLANG_WARN_COMMA = YES;
				CLANG_WARN_CONSTANT_CONVERSION = YES;
				CLANG_WARN_DEPRECATED_OBJC_IMPLEMENTATIONS = YES;
				CLANG_WARN_DIRECT_OBJC_ISA_USAGE = YES_ERROR;
				CLANG_WARN_DOCUMENTATION_COMMENTS = YES;
				CLANG_WARN_EMPTY_BODY = YES;
				CLANG_WARN_ENUM_CONVERSION = YES;
				CLANG_WARN_INFINITE_RECURSION = YES;
				CLANG_WARN_INT_CONVERSION = YES;
				CLANG_WARN_NON_LITERAL_NULL_CONVERSION = YES;
				CLANG_WARN_OBJC_IMPLICIT_RETAIN_SELF = YES;
				CLANG_WARN_OBJC_LITERAL_CONVERSION = YES;
				CLANG_WARN_OBJC_ROOT_CLASS = YES_ERROR;
				CLANG_WARN_QUOTED_INCLUDE_IN_FRAMEWORK_HEADER = YES;
				CLANG_WARN_RANGE_LOOP_ANALYSIS = YES;
				CLANG_WARN_STRICT_PROTOTYPES = YES;
				CLANG_WARN_SUSPICIOUS_MOVE = YES;
				CLANG_WARN_UNGUARDED_AVAILABILITY = YES_AGGRESSIVE;
				CLANG_WARN_UNREACHABLE_CODE = YES;
				CLANG_WARN__DUPLICATE_METHOD_MATCH = YES;
				COPY_PHASE_STRIP = NO;
				DEBUG_INFORMATION_FORMAT = dwarf;
				ENABLE_STRICT_OBJC_MSGSEND = YES;
				ENABLE_TESTABILITY = YES;
				GCC_C_LANGUAGE_STANDARD = gnu11;
				GCC_DYNAMIC_NO_PIC = NO;
				GCC_NO_COMMON_BLOCKS = YES;
				GCC_OPTIMIZATION_LEVEL = 0;
				GCC_PREPROCESSOR_DEFINITIONS = (
					"DEBUG=1",
					"$(inherited)",
				);
				GCC_WARN_64_TO_32_BIT_CONVERSION = YES;
				GCC_WARN_ABOUT_RETURN_TYPE = YES_ERROR;
				GCC_WARN_UNDECLARED_SELECTOR = YES;
				GCC_WARN_UNINITIALIZED_AUTOS = YES_AGGRESSIVE;
				GCC_WARN_UNUSED_FUNCTION = YES;
				GCC_WARN_UNUSED_VARIABLE = YES;
				IPHONEOS_DEPLOYMENT_TARGET = 14.5;
				MTL_ENABLE_DEBUG_INFO = INCLUDE_SOURCE;
				MTL_FAST_MATH = YES;
				ONLY_ACTIVE_ARCH = YES;
				SDKROOT = iphoneos;
				SWIFT_ACTIVE_COMPILATION_CONDITIONS = DEBUG;
				SWIFT_OPTIMIZATION_LEVEL = "-Onone";
			};
			name = Debug;
		};
		7516158B26DE5E0400357F43 /* Release */ = {
			isa = XCBuildConfiguration;
			buildSettings = {
				ALWAYS_SEARCH_USER_PATHS = NO;
				CLANG_ANALYZER_NONNULL = YES;
				CLANG_ANALYZER_NUMBER_OBJECT_CONVERSION = YES_AGGRESSIVE;
				CLANG_CXX_LANGUAGE_STANDARD = "gnu++14";
				CLANG_CXX_LIBRARY = "libc++";
				CLANG_ENABLE_MODULES = YES;
				CLANG_ENABLE_OBJC_ARC = YES;
				CLANG_ENABLE_OBJC_WEAK = YES;
				CLANG_WARN_BLOCK_CAPTURE_AUTORELEASING = YES;
				CLANG_WARN_BOOL_CONVERSION = YES;
				CLANG_WARN_COMMA = YES;
				CLANG_WARN_CONSTANT_CONVERSION = YES;
				CLANG_WARN_DEPRECATED_OBJC_IMPLEMENTATIONS = YES;
				CLANG_WARN_DIRECT_OBJC_ISA_USAGE = YES_ERROR;
				CLANG_WARN_DOCUMENTATION_COMMENTS = YES;
				CLANG_WARN_EMPTY_BODY = YES;
				CLANG_WARN_ENUM_CONVERSION = YES;
				CLANG_WARN_INFINITE_RECURSION = YES;
				CLANG_WARN_INT_CONVERSION = YES;
				CLANG_WARN_NON_LITERAL_NULL_CONVERSION = YES;
				CLANG_WARN_OBJC_IMPLICIT_RETAIN_SELF = YES;
				CLANG_WARN_OBJC_LITERAL_CONVERSION = YES;
				CLANG_WARN_OBJC_ROOT_CLASS = YES_ERROR;
				CLANG_WARN_QUOTED_INCLUDE_IN_FRAMEWORK_HEADER = YES;
				CLANG_WARN_RANGE_LOOP_ANALYSIS = YES;
				CLANG_WARN_STRICT_PROTOTYPES = YES;
				CLANG_WARN_SUSPICIOUS_MOVE = YES;
				CLANG_WARN_UNGUARDED_AVAILABILITY = YES_AGGRESSIVE;
				CLANG_WARN_UNREACHABLE_CODE = YES;
				CLANG_WARN__DUPLICATE_METHOD_MATCH = YES;
				COPY_PHASE_STRIP = NO;
				DEBUG_INFORMATION_FORMAT = "dwarf-with-dsym";
				ENABLE_NS_ASSERTIONS = NO;
				ENABLE_STRICT_OBJC_MSGSEND = YES;
				GCC_C_LANGUAGE_STANDARD = gnu11;
				GCC_NO_COMMON_BLOCKS = YES;
				GCC_WARN_64_TO_32_BIT_CONVERSION = YES;
				GCC_WARN_ABOUT_RETURN_TYPE = YES_ERROR;
				GCC_WARN_UNDECLARED_SELECTOR = YES;
				GCC_WARN_UNINITIALIZED_AUTOS = YES_AGGRESSIVE;
				GCC_WARN_UNUSED_FUNCTION = YES;
				GCC_WARN_UNUSED_VARIABLE = YES;
				IPHONEOS_DEPLOYMENT_TARGET = 14.5;
				MTL_ENABLE_DEBUG_INFO = NO;
				MTL_FAST_MATH = YES;
				SDKROOT = iphoneos;
				SWIFT_COMPILATION_MODE = wholemodule;
				SWIFT_OPTIMIZATION_LEVEL = "-O";
				VALIDATE_PRODUCT = YES;
			};
			name = Release;
		};
		7516158D26DE5E0400357F43 /* Debug */ = {
			isa = XCBuildConfiguration;
			buildSettings = {
				ASSETCATALOG_COMPILER_APPICON_NAME = AppIcon;
				ASSETCATALOG_COMPILER_GLOBAL_ACCENT_COLOR_NAME = AccentColor;
				CODE_SIGN_IDENTITY = "iPhone Developer";
				CODE_SIGN_STYLE = Manual;
				DEVELOPMENT_TEAM = 4V78YDRYZW;
				INFOPLIST_FILE = SwiftTest/Info.plist;
				LD_RUNPATH_SEARCH_PATHS = (
					"$(inherited)",
					"@executable_path/Frameworks",
				);
				PRODUCT_BUNDLE_IDENTIFIER = com.ppdai.a;
				PRODUCT_NAME = "$(TARGET_NAME)";
				PROVISIONING_PROFILE_SPECIFIER = "match Development *";
				SWIFT_VERSION = 5.0;
				TARGETED_DEVICE_FAMILY = "1,2";
			};
			name = Debug;
		};
		7516158E26DE5E0400357F43 /* Release */ = {
			isa = XCBuildConfiguration;
			buildSettings = {
				ASSETCATALOG_COMPILER_APPICON_NAME = AppIcon;
				ASSETCATALOG_COMPILER_GLOBAL_ACCENT_COLOR_NAME = AccentColor;
				CODE_SIGN_IDENTITY = "iPhone Developer";
				CODE_SIGN_STYLE = Manual;
				DEVELOPMENT_TEAM = 4V78YDRYZW;
				INFOPLIST_FILE = SwiftTest/Info.plist;
				LD_RUNPATH_SEARCH_PATHS = (
					"$(inherited)",
					"@executable_path/Frameworks",
				);
				PRODUCT_BUNDLE_IDENTIFIER = com.ppdai.a;
				PRODUCT_NAME = "$(TARGET_NAME)";
				PROVISIONING_PROFILE_SPECIFIER = "match Development *";
				SWIFT_VERSION = 5.0;
				TARGETED_DEVICE_FAMILY = "1,2";
			};
			name = Release;
		};
		7516159026DE5E0400357F43 /* Debug */ = {
			isa = XCBuildConfiguration;
			buildSettings = {
				ALWAYS_EMBED_SWIFT_STANDARD_LIBRARIES = YES;
				BUNDLE_LOADER = "$(TEST_HOST)";
				CODE_SIGN_STYLE = Automatic;
				DEVELOPMENT_TEAM = 4V78YDRYZW;
				INFOPLIST_FILE = SwiftTestTests/Info.plist;
				IPHONEOS_DEPLOYMENT_TARGET = 14.5;
				LD_RUNPATH_SEARCH_PATHS = (
					"$(inherited)",
					"@executable_path/Frameworks",
					"@loader_path/Frameworks",
				);
				PRODUCT_BUNDLE_IDENTIFIER = com.xinye.SwiftTestTests;
				PRODUCT_NAME = "$(TARGET_NAME)";
				SWIFT_VERSION = 5.0;
				TARGETED_DEVICE_FAMILY = "1,2";
				TEST_HOST = "$(BUILT_PRODUCTS_DIR)/SwiftTest.app/SwiftTest";
			};
			name = Debug;
		};
		7516159126DE5E0400357F43 /* Release */ = {
			isa = XCBuildConfiguration;
			buildSettings = {
				ALWAYS_EMBED_SWIFT_STANDARD_LIBRARIES = YES;
				BUNDLE_LOADER = "$(TEST_HOST)";
				CODE_SIGN_STYLE = Automatic;
				DEVELOPMENT_TEAM = 4V78YDRYZW;
				INFOPLIST_FILE = SwiftTestTests/Info.plist;
				IPHONEOS_DEPLOYMENT_TARGET = 14.5;
				LD_RUNPATH_SEARCH_PATHS = (
					"$(inherited)",
					"@executable_path/Frameworks",
					"@loader_path/Frameworks",
				);
				PRODUCT_BUNDLE_IDENTIFIER = com.xinye.SwiftTestTests;
				PRODUCT_NAME = "$(TARGET_NAME)";
				SWIFT_VERSION = 5.0;
				TARGETED_DEVICE_FAMILY = "1,2";
				TEST_HOST = "$(BUILT_PRODUCTS_DIR)/SwiftTest.app/SwiftTest";
			};
			name = Release;
		};
		7516159326DE5E0400357F43 /* Debug */ = {
			isa = XCBuildConfiguration;
			buildSettings = {
				ALWAYS_EMBED_SWIFT_STANDARD_LIBRARIES = YES;
				CODE_SIGN_STYLE = Automatic;
				DEVELOPMENT_TEAM = 4V78YDRYZW;
				INFOPLIST_FILE = SwiftTestUITests/Info.plist;
				LD_RUNPATH_SEARCH_PATHS = (
					"$(inherited)",
					"@executable_path/Frameworks",
					"@loader_path/Frameworks",
				);
				PRODUCT_BUNDLE_IDENTIFIER = com.xinye.SwiftTestUITests;
				PRODUCT_NAME = "$(TARGET_NAME)";
				SWIFT_VERSION = 5.0;
				TARGETED_DEVICE_FAMILY = "1,2";
				TEST_TARGET_NAME = SwiftTest;
			};
			name = Debug;
		};
		7516159426DE5E0400357F43 /* Release */ = {
			isa = XCBuildConfiguration;
			buildSettings = {
				ALWAYS_EMBED_SWIFT_STANDARD_LIBRARIES = YES;
				CODE_SIGN_STYLE = Automatic;
				DEVELOPMENT_TEAM = 4V78YDRYZW;
				INFOPLIST_FILE = SwiftTestUITests/Info.plist;
				LD_RUNPATH_SEARCH_PATHS = (
					"$(inherited)",
					"@executable_path/Frameworks",
					"@loader_path/Frameworks",
				);
				PRODUCT_BUNDLE_IDENTIFIER = com.xinye.SwiftTestUITests;
				PRODUCT_NAME = "$(TARGET_NAME)";
				SWIFT_VERSION = 5.0;
				TARGETED_DEVICE_FAMILY = "1,2";
				TEST_TARGET_NAME = SwiftTest;
			};
			name = Release;
		};
/* End XCBuildConfiguration section */

/* Begin XCConfigurationList section */
		7516155D26DE5E0100357F43 /* Build configuration list for PBXProject "SwiftTest" */ = {
			isa = XCConfigurationList;
			buildConfigurations = (
				7516158A26DE5E0400357F43 /* Debug */,
				7516158B26DE5E0400357F43 /* Release */,
			);
			defaultConfigurationIsVisible = 0;
			defaultConfigurationName = Release;
		};
		7516158C26DE5E0400357F43 /* Build configuration list for PBXNativeTarget "SwiftTest" */ = {
			isa = XCConfigurationList;
			buildConfigurations = (
				7516158D26DE5E0400357F43 /* Debug */,
				7516158E26DE5E0400357F43 /* Release */,
			);
			defaultConfigurationIsVisible = 0;
			defaultConfigurationName = Release;
		};
		7516158F26DE5E0400357F43 /* Build configuration list for PBXNativeTarget "SwiftTestTests" */ = {
			isa = XCConfigurationList;
			buildConfigurations = (
				7516159026DE5E0400357F43 /* Debug */,
				7516159126DE5E0400357F43 /* Release */,
			);
			defaultConfigurationIsVisible = 0;
			defaultConfigurationName = Release;
		};
		7516159226DE5E0400357F43 /* Build configuration list for PBXNativeTarget "SwiftTestUITests" */ = {
			isa = XCConfigurationList;
			buildConfigurations = (
				7516159326DE5E0400357F43 /* Debug */,
				7516159426DE5E0400357F43 /* Release */,
			);
			defaultConfigurationIsVisible = 0;
			defaultConfigurationName = Release;
		};
/* End XCConfigurationList section */
	};
	rootObject = 7516155A26DE5E0100357F43 /* Project object */;
}
